
Microsoft Visual Studio Solution File, Format Version 12.00
# Visual Studio 15
VisualStudioVersion = 15.0.27703.2042
MinimumVisualStudioVersion = 10.0.40219.1
Project("{FAE04EC0-301F-11D3-BF4B-00C04F79EFBC}") = "PowerBIEmbed", "PowerBIEmbed\PowerBIEmbed.csproj", "{DCC6580D-60AE-4159-A314-41EF5375D47B}"
EndProject
Project("{FAE04EC0-301F-11D3-BF4B-00C04F79EFBC}") = "PowerBIEmbedWeb", "PowerBIEmbedWeb\PowerBIEmbedWeb.csproj", "{0A618324-969E-4B95-9799-FEA87E6D1C90}"
EndProject
Global
	GlobalSection(SolutionConfigurationPlatforms) = preSolution
		Debug|Any CPU = Debug|Any CPU
		Release|Any CPU = Release|Any CPU
	EndGlobalSection
	GlobalSection(ProjectConfigurationPlatforms) = postSolution
		{DCC6580D-60AE-4159-A314-41EF5375D47B}.Debug|Any CPU.ActiveCfg = Debug|Any CPU
		{DCC6580D-60AE-4159-A314-41EF5375D47B}.Debug|Any CPU.Build.0 = Debug|Any CPU
		{DCC6580D-60AE-4159-A314-41EF5375D47B}.Debug|Any CPU.Deploy.0 = Debug|Any CPU
		{DCC6580D-60AE-4159-A314-41EF5375D47B}.Release|Any CPU.ActiveCfg = Release|Any CPU
		{DCC6580D-60AE-4159-A314-41EF5375D47B}.Release|Any CPU.Build.0 = Release|Any CPU
		{DCC6580D-60AE-4159-A314-41EF5375D47B}.Release|Any CPU.Deploy.0 = Release|Any CPU
		{0A618324-969E-4B95-9799-FEA87E6D1C90}.Debug|Any CPU.ActiveCfg = Debug|Any CPU
		{0A618324-969E-4B95-9799-FEA87E6D1C90}.Debug|Any CPU.Build.0 = Debug|Any CPU
		{0A618324-969E-4B95-9799-FEA87E6D1C90}.Release|Any CPU.ActiveCfg = Release|Any CPU
		{0A618324-969E-4B95-9799-FEA87E6D1C90}.Release|Any CPU.Build.0 = Release|Any CPU
	EndGlobalSection
	GlobalSection(SolutionProperties) = preSolution
		HideSolutionNode = FALSE
	EndGlobalSection
	GlobalSection(ExtensibilityGlobals) = postSolution
		SolutionGuid = {721A6391-0641-4E81-B70D-6C3F0599A464}
	EndGlobalSection
EndGlobal
